
Microsoft Visual Studio Solution File, Format Version 9.00
# Visual Studio 2005
Project("{FAE04EC0-301F-11D3-BF4B-00C04F79EFBC}") = "Iptables", "Iptables\Iptables.csproj", "{949E46E6-6201-49B2-847C-D4DE3E66BD9E}"
EndProject
Global
	GlobalSection(SolutionConfigurationPlatforms) = preSolution
		Debug|Any CPU = Debug|Any CPU
		Release|Any CPU = Release|Any CPU
	EndGlobalSection
	GlobalSection(ProjectConfigurationPlatforms) = postSolution
		{949E46E6-6201-49B2-847C-D4DE3E66BD9E}.Debug|Any CPU.ActiveCfg = Debug|Any CPU
		{949E46E6-6201-49B2-847C-D4DE3E66BD9E}.Debug|Any CPU.Build.0 = Debug|Any CPU
		{949E46E6-6201-49B2-847C-D4DE3E66BD9E}.Release|Any CPU.ActiveCfg = Release|Any CPU
		{949E46E6-6201-49B2-847C-D4DE3E66BD9E}.Release|Any CPU.Build.0 = Release|Any CPU
	EndGlobalSection
	GlobalSection(MonoDevelopProperties) = preSolution
		version = 0.1
		StartupItem = iptables\Iptables.csproj
		Policies = $0
		$0.VersionControlPolicy = $1
		$1.CommitMessageStyle = $2
		$2.FileSeparator = ", "
		$2.LastFilePostfix = "@:\n  "
		$1.inheritsSet = Mono
		$0.DotNetNamingPolicy = $3
		$3.DirectoryNamespaceAssociation = PrefixedHierarchical
		$3.ResourceNamePolicy = FileFormatDefault
	EndGlobalSection
EndGlobal
